// !$*UTF8*$!
{
	archiveVersion = 1;
	classes = {
	};
	objectVersion = 46;
	objects = {

/* Begin PBXBuildFile section */
		2C01401CF3894BC69028AA0C /* libPods.a in Frameworks */ = {isa = PBXBuildFile; fileRef = 5F996B4B93BB4D6E98090D75 /* libPods.a */; };
		3EE8E4CCDFA742688D3D3A52 /* libPods-JGAFetchedTablesTests.a in Frameworks */ = {isa = PBXBuildFile; fileRef = 1B5285788EE14CC3B0326184 /* libPods-JGAFetchedTablesTests.a */; };
		7BA1D64E179EF4DF00A0353F /* UIKit.framework in Frameworks */ = {isa = PBXBuildFile; fileRef = 7BA1D64D179EF4DF00A0353F /* UIKit.framework */; };
		7BA1D650179EF4DF00A0353F /* Foundation.framework in Frameworks */ = {isa = PBXBuildFile; fileRef = 7BA1D64F179EF4DF00A0353F /* Foundation.framework */; };
		7BA1D652179EF4DF00A0353F /* CoreGraphics.framework in Frameworks */ = {isa = PBXBuildFile; fileRef = 7BA1D651179EF4DF00A0353F /* CoreGraphics.framework */; };
		7BA1D654179EF4DF00A0353F /* CoreData.framework in Frameworks */ = {isa = PBXBuildFile; fileRef = 7BA1D653179EF4DF00A0353F /* CoreData.framework */; };
		7BA1D65A179EF4DF00A0353F /* InfoPlist.strings in Resources */ = {isa = PBXBuildFile; fileRef = 7BA1D658179EF4DF00A0353F /* InfoPlist.strings */; };
		7BA1D65C179EF4DF00A0353F /* main.m in Sources */ = {isa = PBXBuildFile; fileRef = 7BA1D65B179EF4DF00A0353F /* main.m */; };
		7BA1D660179EF4DF00A0353F /* JGAAppDelegate.m in Sources */ = {isa = PBXBuildFile; fileRef = 7BA1D65F179EF4DF00A0353F /* JGAAppDelegate.m */; };
		7BA1D662179EF4DF00A0353F /* Default.png in Resources */ = {isa = PBXBuildFile; fileRef = 7BA1D661179EF4DF00A0353F /* Default.png */; };
		7BA1D664179EF4DF00A0353F /* Default@2x.png in Resources */ = {isa = PBXBuildFile; fileRef = 7BA1D663179EF4DF00A0353F /* Default@2x.png */; };
		7BA1D666179EF4DF00A0353F /* Default-568h@2x.png in Resources */ = {isa = PBXBuildFile; fileRef = 7BA1D665179EF4DF00A0353F /* Default-568h@2x.png */; };
		7BA1D669179EF4DF00A0353F /* JGAFetchedTables.xcdatamodeld in Sources */ = {isa = PBXBuildFile; fileRef = 7BA1D667179EF4DF00A0353F /* JGAFetchedTables.xcdatamodeld */; };
		7BA1D671179EF4DF00A0353F /* SenTestingKit.framework in Frameworks */ = {isa = PBXBuildFile; fileRef = 7BA1D670179EF4DF00A0353F /* SenTestingKit.framework */; };
		7BA1D672179EF4DF00A0353F /* UIKit.framework in Frameworks */ = {isa = PBXBuildFile; fileRef = 7BA1D64D179EF4DF00A0353F /* UIKit.framework */; };
		7BA1D673179EF4DF00A0353F /* Foundation.framework in Frameworks */ = {isa = PBXBuildFile; fileRef = 7BA1D64F179EF4DF00A0353F /* Foundation.framework */; };
		7BA1D674179EF4DF00A0353F /* CoreData.framework in Frameworks */ = {isa = PBXBuildFile; fileRef = 7BA1D653179EF4DF00A0353F /* CoreData.framework */; };
		7BA1D67C179EF4DF00A0353F /* InfoPlist.strings in Resources */ = {isa = PBXBuildFile; fileRef = 7BA1D67A179EF4DF00A0353F /* InfoPlist.strings */; };
		7BA1D67F179EF4DF00A0353F /* JGAFetchedTablesTests.m in Sources */ = {isa = PBXBuildFile; fileRef = 7BA1D67E179EF4DF00A0353F /* JGAFetchedTablesTests.m */; };
		7BA1D68B179EF87200A0353F /* JGABasicTableViewController.m in Sources */ = {isa = PBXBuildFile; fileRef = 7BA1D68A179EF87200A0353F /* JGABasicTableViewController.m */; };
		7BA1D68F179EF88300A0353F /* JGADataFetcher.m in Sources */ = {isa = PBXBuildFile; fileRef = 7BA1D68E179EF88300A0353F /* JGADataFetcher.m */; };
		7BA1D697179EF88F00A0353F /* JGAFetchedTableDataSource.m in Sources */ = {isa = PBXBuildFile; fileRef = 7BA1D692179EF88F00A0353F /* JGAFetchedTableDataSource.m */; };
		7BA1D698179EF88F00A0353F /* JGAEmptyTableDataSource.m in Sources */ = {isa = PBXBuildFile; fileRef = 7BA1D694179EF88F00A0353F /* JGAEmptyTableDataSource.m */; };
		7BA1D699179EF88F00A0353F /* JGALoadingTableDataSource.m in Sources */ = {isa = PBXBuildFile; fileRef = 7BA1D696179EF88F00A0353F /* JGALoadingTableDataSource.m */; };
		7BA1D69C179EF99B00A0353F /* JGATableCell.m in Sources */ = {isa = PBXBuildFile; fileRef = 7BA1D69B179EF99B00A0353F /* JGATableCell.m */; };
/* End PBXBuildFile section */

/* Begin PBXContainerItemProxy section */
		7BA1D675179EF4DF00A0353F /* PBXContainerItemProxy */ = {
			isa = PBXContainerItemProxy;
			containerPortal = 7BA1D642179EF4DF00A0353F /* Project object */;
			proxyType = 1;
			remoteGlobalIDString = 7BA1D649179EF4DF00A0353F;
			remoteInfo = JGAFetchedTables;
		};
/* End PBXContainerItemProxy section */

/* Begin PBXFileReference section */
		1B5285788EE14CC3B0326184 /* libPods-JGAFetchedTablesTests.a */ = {isa = PBXFileReference; explicitFileType = archive.ar; includeInIndex = 0; path = "libPods-JGAFetchedTablesTests.a"; sourceTree = BUILT_PRODUCTS_DIR; };
		5F996B4B93BB4D6E98090D75 /* libPods.a */ = {isa = PBXFileReference; explicitFileType = archive.ar; includeInIndex = 0; path = libPods.a; sourceTree = BUILT_PRODUCTS_DIR; };
		7BA1D64A179EF4DF00A0353F /* JGAFetchedTables.app */ = {isa = PBXFileReference; explicitFileType = wrapper.application; includeInIndex = 0; path = JGAFetchedTables.app; sourceTree = BUILT_PRODUCTS_DIR; };
		7BA1D64D179EF4DF00A0353F /* UIKit.framework */ = {isa = PBXFileReference; lastKnownFileType = wrapper.framework; name = UIKit.framework; path = System/Library/Frameworks/UIKit.framework; sourceTree = SDKROOT; };
		7BA1D64F179EF4DF00A0353F /* Foundation.framework */ = {isa = PBXFileReference; lastKnownFileType = wrapper.framework; name = Foundation.framework; path = System/Library/Frameworks/Foundation.framework; sourceTree = SDKROOT; };
		7BA1D651179EF4DF00A0353F /* CoreGraphics.framework */ = {isa = PBXFileReference; lastKnownFileType = wrapper.framework; name = CoreGraphics.framework; path = System/Library/Frameworks/CoreGraphics.framework; sourceTree = SDKROOT; };
		7BA1D653179EF4DF00A0353F /* CoreData.framework */ = {isa = PBXFileReference; lastKnownFileType = wrapper.framework; name = CoreData.framework; path = System/Library/Frameworks/CoreData.framework; sourceTree = SDKROOT; };
		7BA1D657179EF4DF00A0353F /* JGAFetchedTables-Info.plist */ = {isa = PBXFileReference; lastKnownFileType = text.plist.xml; path = "JGAFetchedTables-Info.plist"; sourceTree = "<group>"; };
		7BA1D659179EF4DF00A0353F /* en */ = {isa = PBXFileReference; lastKnownFileType = text.plist.strings; name = en; path = en.lproj/InfoPlist.strings; sourceTree = "<group>"; };
		7BA1D65B179EF4DF00A0353F /* main.m */ = {isa = PBXFileReference; lastKnownFileType = sourcecode.c.objc; path = main.m; sourceTree = "<group>"; };
		7BA1D65D179EF4DF00A0353F /* JGAFetchedTables-Prefix.pch */ = {isa = PBXFileReference; lastKnownFileType = sourcecode.c.h; path = "JGAFetchedTables-Prefix.pch"; sourceTree = "<group>"; };
		7BA1D65E179EF4DF00A0353F /* JGAAppDelegate.h */ = {isa = PBXFileReference; lastKnownFileType = sourcecode.c.h; path = JGAAppDelegate.h; sourceTree = "<group>"; };
		7BA1D65F179EF4DF00A0353F /* JGAAppDelegate.m */ = {isa = PBXFileReference; lastKnownFileType = sourcecode.c.objc; path = JGAAppDelegate.m; sourceTree = "<group>"; };
		7BA1D661179EF4DF00A0353F /* Default.png */ = {isa = PBXFileReference; lastKnownFileType = image.png; path = Default.png; sourceTree = "<group>"; };
		7BA1D663179EF4DF00A0353F /* Default@2x.png */ = {isa = PBXFileReference; lastKnownFileType = image.png; path = "Default@2x.png"; sourceTree = "<group>"; };
		7BA1D665179EF4DF00A0353F /* Default-568h@2x.png */ = {isa = PBXFileReference; lastKnownFileType = image.png; path = "Default-568h@2x.png"; sourceTree = "<group>"; };
		7BA1D668179EF4DF00A0353F /* JGAFetchedTables.xcdatamodel */ = {isa = PBXFileReference; lastKnownFileType = wrapper.xcdatamodel; path = JGAFetchedTables.xcdatamodel; sourceTree = "<group>"; };
		7BA1D66F179EF4DF00A0353F /* JGAFetchedTablesTests.octest */ = {isa = PBXFileReference; explicitFileType = wrapper.cfbundle; includeInIndex = 0; path = JGAFetchedTablesTests.octest; sourceTree = BUILT_PRODUCTS_DIR; };
		7BA1D670179EF4DF00A0353F /* SenTestingKit.framework */ = {isa = PBXFileReference; lastKnownFileType = wrapper.framework; name = SenTestingKit.framework; path = Library/Frameworks/SenTestingKit.framework; sourceTree = DEVELOPER_DIR; };
		7BA1D679179EF4DF00A0353F /* JGAFetchedTablesTests-Info.plist */ = {isa = PBXFileReference; lastKnownFileType = text.plist.xml; path = "JGAFetchedTablesTests-Info.plist"; sourceTree = "<group>"; };
		7BA1D67B179EF4DF00A0353F /* en */ = {isa = PBXFileReference; lastKnownFileType = text.plist.strings; name = en; path = en.lproj/InfoPlist.strings; sourceTree = "<group>"; };
		7BA1D67D179EF4DF00A0353F /* JGAFetchedTablesTests.h */ = {isa = PBXFileReference; lastKnownFileType = sourcecode.c.h; path = JGAFetchedTablesTests.h; sourceTree = "<group>"; };
		7BA1D67E179EF4DF00A0353F /* JGAFetchedTablesTests.m */ = {isa = PBXFileReference; lastKnownFileType = sourcecode.c.objc; path = JGAFetchedTablesTests.m; sourceTree = "<group>"; };
		7BA1D689179EF87200A0353F /* JGABasicTableViewController.h */ = {isa = PBXFileReference; fileEncoding = 4; lastKnownFileType = sourcecode.c.h; path = JGABasicTableViewController.h; sourceTree = "<group>"; };
		7BA1D68A179EF87200A0353F /* JGABasicTableViewController.m */ = {isa = PBXFileReference; fileEncoding = 4; lastKnownFileType = sourcecode.c.objc; path = JGABasicTableViewController.m; sourceTree = "<group>"; };
		7BA1D68C179EF88300A0353F /* JGADataFetcherDelegate.h */ = {isa = PBXFileReference; fileEncoding = 4; lastKnownFileType = sourcecode.c.h; path = JGADataFetcherDelegate.h; sourceTree = "<group>"; };
		7BA1D68D179EF88300A0353F /* JGADataFetcher.h */ = {isa = PBXFileReference; fileEncoding = 4; lastKnownFileType = sourcecode.c.h; path = JGADataFetcher.h; sourceTree = "<group>"; };
		7BA1D68E179EF88300A0353F /* JGADataFetcher.m */ = {isa = PBXFileReference; fileEncoding = 4; lastKnownFileType = sourcecode.c.objc; path = JGADataFetcher.m; sourceTree = "<group>"; };
		7BA1D690179EF88F00A0353F /* JGAFetchedTableDataSourceDelegate.h */ = {isa = PBXFileReference; fileEncoding = 4; lastKnownFileType = sourcecode.c.h; path = JGAFetchedTableDataSourceDelegate.h; sourceTree = "<group>"; };
		7BA1D691179EF88F00A0353F /* JGAFetchedTableDataSource.h */ = {isa = PBXFileReference; fileEncoding = 4; lastKnownFileType = sourcecode.c.h; path = JGAFetchedTableDataSource.h; sourceTree = "<group>"; };
		7BA1D692179EF88F00A0353F /* JGAFetchedTableDataSource.m */ = {isa = PBXFileReference; fileEncoding = 4; lastKnownFileType = sourcecode.c.objc; path = JGAFetchedTableDataSource.m; sourceTree = "<group>"; };
		7BA1D693179EF88F00A0353F /* JGAEmptyTableDataSource.h */ = {isa = PBXFileReference; fileEncoding = 4; lastKnownFileType = sourcecode.c.h; path = JGAEmptyTableDataSource.h; sourceTree = "<group>"; };
		7BA1D694179EF88F00A0353F /* JGAEmptyTableDataSource.m */ = {isa = PBXFileReference; fileEncoding = 4; lastKnownFileType = sourcecode.c.objc; path = JGAEmptyTableDataSource.m; sourceTree = "<group>"; };
		7BA1D695179EF88F00A0353F /* JGALoadingTableDataSource.h */ = {isa = PBXFileReference; fileEncoding = 4; lastKnownFileType = sourcecode.c.h; path = JGALoadingTableDataSource.h; sourceTree = "<group>"; };
		7BA1D696179EF88F00A0353F /* JGALoadingTableDataSource.m */ = {isa = PBXFileReference; fileEncoding = 4; lastKnownFileType = sourcecode.c.objc; path = JGALoadingTableDataSource.m; sourceTree = "<group>"; };
		7BA1D69A179EF99B00A0353F /* JGATableCell.h */ = {isa = PBXFileReference; fileEncoding = 4; lastKnownFileType = sourcecode.c.h; path = JGATableCell.h; sourceTree = "<group>"; };
		7BA1D69B179EF99B00A0353F /* JGATableCell.m */ = {isa = PBXFileReference; fileEncoding = 4; lastKnownFileType = sourcecode.c.objc; path = JGATableCell.m; sourceTree = "<group>"; };
		81E744CEDB654FE999DCA8B7 /* Pods-JGAFetchedTablesTests.xcconfig */ = {isa = PBXFileReference; includeInIndex = 1; lastKnownFileType = text.xcconfig; name = "Pods-JGAFetchedTablesTests.xcconfig"; path = "Pods/Pods-JGAFetchedTablesTests.xcconfig"; sourceTree = SOURCE_ROOT; };
		E0FB34EE5AE643D0A940FB82 /* Pods.xcconfig */ = {isa = PBXFileReference; includeInIndex = 1; lastKnownFileType = text.xcconfig; name = Pods.xcconfig; path = Pods/Pods.xcconfig; sourceTree = SOURCE_ROOT; };
/* End PBXFileReference section */

/* Begin PBXFrameworksBuildPhase section */
		7BA1D647179EF4DF00A0353F /* Frameworks */ = {
			isa = PBXFrameworksBuildPhase;
			buildActionMask = 2147483647;
			files = (
				7BA1D64E179EF4DF00A0353F /* UIKit.framework in Frameworks */,
				7BA1D650179EF4DF00A0353F /* Foundation.framework in Frameworks */,
				7BA1D652179EF4DF00A0353F /* CoreGraphics.framework in Frameworks */,
				7BA1D654179EF4DF00A0353F /* CoreData.framework in Frameworks */,
				2C01401CF3894BC69028AA0C /* libPods.a in Frameworks */,
			);
			runOnlyForDeploymentPostprocessing = 0;
		};
		7BA1D66B179EF4DF00A0353F /* Frameworks */ = {
			isa = PBXFrameworksBuildPhase;
			buildActionMask = 2147483647;
			files = (
				7BA1D671179EF4DF00A0353F /* SenTestingKit.framework in Frameworks */,
				7BA1D672179EF4DF00A0353F /* UIKit.framework in Frameworks */,
				7BA1D673179EF4DF00A0353F /* Foundation.framework in Frameworks */,
				7BA1D674179EF4DF00A0353F /* CoreData.framework in Frameworks */,
				3EE8E4CCDFA742688D3D3A52 /* libPods-JGAFetchedTablesTests.a in Frameworks */,
			);
			runOnlyForDeploymentPostprocessing = 0;
		};
/* End PBXFrameworksBuildPhase section */

/* Begin PBXGroup section */
		7BA1D641179EF4DF00A0353F = {
			isa = PBXGroup;
			children = (
				7BA1D688179EF84200A0353F /* JGAFetchedTables */,
				7BA1D655179EF4DF00A0353F /* Example */,
				7BA1D677179EF4DF00A0353F /* JGAFetchedTablesTests */,
				7BA1D64C179EF4DF00A0353F /* Frameworks */,
				7BA1D64B179EF4DF00A0353F /* Products */,
				E0FB34EE5AE643D0A940FB82 /* Pods.xcconfig */,
				81E744CEDB654FE999DCA8B7 /* Pods-JGAFetchedTablesTests.xcconfig */,
			);
			sourceTree = "<group>";
		};
		7BA1D64B179EF4DF00A0353F /* Products */ = {
			isa = PBXGroup;
			children = (
				7BA1D64A179EF4DF00A0353F /* JGAFetchedTables.app */,
				7BA1D66F179EF4DF00A0353F /* JGAFetchedTablesTests.octest */,
			);
			name = Products;
			sourceTree = "<group>";
		};
		7BA1D64C179EF4DF00A0353F /* Frameworks */ = {
			isa = PBXGroup;
			children = (
				7BA1D64D179EF4DF00A0353F /* UIKit.framework */,
				7BA1D64F179EF4DF00A0353F /* Foundation.framework */,
				7BA1D651179EF4DF00A0353F /* CoreGraphics.framework */,
				7BA1D653179EF4DF00A0353F /* CoreData.framework */,
				7BA1D670179EF4DF00A0353F /* SenTestingKit.framework */,
				5F996B4B93BB4D6E98090D75 /* libPods.a */,
				1B5285788EE14CC3B0326184 /* libPods-JGAFetchedTablesTests.a */,
			);
			name = Frameworks;
			sourceTree = "<group>";
		};
		7BA1D655179EF4DF00A0353F /* Example */ = {
			isa = PBXGroup;
			children = (
				7BA1D65E179EF4DF00A0353F /* JGAAppDelegate.h */,
				7BA1D65F179EF4DF00A0353F /* JGAAppDelegate.m */,
				7BA1D667179EF4DF00A0353F /* JGAFetchedTables.xcdatamodeld */,
				7BA1D656179EF4DF00A0353F /* Supporting Files */,
			);
			path = Example;
			sourceTree = "<group>";
		};
		7BA1D656179EF4DF00A0353F /* Supporting Files */ = {
			isa = PBXGroup;
			children = (
				7BA1D657179EF4DF00A0353F /* JGAFetchedTables-Info.plist */,
				7BA1D658179EF4DF00A0353F /* InfoPlist.strings */,
				7BA1D65B179EF4DF00A0353F /* main.m */,
				7BA1D65D179EF4DF00A0353F /* JGAFetchedTables-Prefix.pch */,
				7BA1D661179EF4DF00A0353F /* Default.png */,
				7BA1D663179EF4DF00A0353F /* Default@2x.png */,
				7BA1D665179EF4DF00A0353F /* Default-568h@2x.png */,
			);
			name = "Supporting Files";
			sourceTree = "<group>";
		};
		7BA1D677179EF4DF00A0353F /* JGAFetchedTablesTests */ = {
			isa = PBXGroup;
			children = (
				7BA1D67D179EF4DF00A0353F /* JGAFetchedTablesTests.h */,
				7BA1D67E179EF4DF00A0353F /* JGAFetchedTablesTests.m */,
				7BA1D678179EF4DF00A0353F /* Supporting Files */,
			);
			path = JGAFetchedTablesTests;
			sourceTree = "<group>";
		};
		7BA1D678179EF4DF00A0353F /* Supporting Files */ = {
			isa = PBXGroup;
			children = (
				7BA1D679179EF4DF00A0353F /* JGAFetchedTablesTests-Info.plist */,
				7BA1D67A179EF4DF00A0353F /* InfoPlist.strings */,
			);
			name = "Supporting Files";
			sourceTree = "<group>";
		};
		7BA1D688179EF84200A0353F /* JGAFetchedTables */ = {
			isa = PBXGroup;
			children = (
				7BA1D68C179EF88300A0353F /* JGADataFetcherDelegate.h */,
				7BA1D68D179EF88300A0353F /* JGADataFetcher.h */,
				7BA1D68E179EF88300A0353F /* JGADataFetcher.m */,
				7BA1D689179EF87200A0353F /* JGABasicTableViewController.h */,
				7BA1D68A179EF87200A0353F /* JGABasicTableViewController.m */,
				7BA1D690179EF88F00A0353F /* JGAFetchedTableDataSourceDelegate.h */,
				7BA1D691179EF88F00A0353F /* JGAFetchedTableDataSource.h */,
				7BA1D692179EF88F00A0353F /* JGAFetchedTableDataSource.m */,
				7BA1D693179EF88F00A0353F /* JGAEmptyTableDataSource.h */,
				7BA1D694179EF88F00A0353F /* JGAEmptyTableDataSource.m */,
				7BA1D695179EF88F00A0353F /* JGALoadingTableDataSource.h */,
				7BA1D696179EF88F00A0353F /* JGALoadingTableDataSource.m */,
				7BA1D69A179EF99B00A0353F /* JGATableCell.h */,
				7BA1D69B179EF99B00A0353F /* JGATableCell.m */,
			);
			path = JGAFetchedTables;
			sourceTree = "<group>";
		};
/* End PBXGroup section */

/* Begin PBXNativeTarget section */
		7BA1D649179EF4DF00A0353F /* JGAFetchedTables */ = {
			isa = PBXNativeTarget;
			buildConfigurationList = 7BA1D682179EF4DF00A0353F /* Build configuration list for PBXNativeTarget "JGAFetchedTables" */;
			buildPhases = (
				0CE481426790495DA8915F53 /* Check Pods Manifest.lock */,
				7BA1D646179EF4DF00A0353F /* Sources */,
				7BA1D647179EF4DF00A0353F /* Frameworks */,
				7BA1D648179EF4DF00A0353F /* Resources */,
				D8AF3FAF0567473DAF0731C9 /* Copy Pods Resources */,
			);
			buildRules = (
			);
			dependencies = (
			);
			name = JGAFetchedTables;
			productName = JGAFetchedTables;
			productReference = 7BA1D64A179EF4DF00A0353F /* JGAFetchedTables.app */;
			productType = "com.apple.product-type.application";
		};
		7BA1D66E179EF4DF00A0353F /* JGAFetchedTablesTests */ = {
			isa = PBXNativeTarget;
			buildConfigurationList = 7BA1D685179EF4DF00A0353F /* Build configuration list for PBXNativeTarget "JGAFetchedTablesTests" */;
			buildPhases = (
				FFE2EE3FD97F4BD9912050BA /* Check Pods Manifest.lock */,
				7BA1D66A179EF4DF00A0353F /* Sources */,
				7BA1D66B179EF4DF00A0353F /* Frameworks */,
				7BA1D66C179EF4DF00A0353F /* Resources */,
				7BA1D66D179EF4DF00A0353F /* ShellScript */,
				4783EF6FD67546598B8EF135 /* Copy Pods Resources */,
			);
			buildRules = (
			);
			dependencies = (
				7BA1D676179EF4DF00A0353F /* PBXTargetDependency */,
			);
			name = JGAFetchedTablesTests;
			productName = JGAFetchedTablesTests;
			productReference = 7BA1D66F179EF4DF00A0353F /* JGAFetchedTablesTests.octest */;
			productType = "com.apple.product-type.bundle";
		};
/* End PBXNativeTarget section */

/* Begin PBXProject section */
		7BA1D642179EF4DF00A0353F /* Project object */ = {
			isa = PBXProject;
			attributes = {
				CLASSPREFIX = JGA;
				LastUpgradeCheck = 0460;
				ORGANIZATIONNAME = JGApps;
			};
			buildConfigurationList = 7BA1D645179EF4DF00A0353F /* Build configuration list for PBXProject "JGAFetchedTables" */;
			compatibilityVersion = "Xcode 3.2";
			developmentRegion = English;
			hasScannedForEncodings = 0;
			knownRegions = (
				en,
			);
			mainGroup = 7BA1D641179EF4DF00A0353F;
			productRefGroup = 7BA1D64B179EF4DF00A0353F /* Products */;
			projectDirPath = "";
			projectRoot = "";
			targets = (
				7BA1D649179EF4DF00A0353F /* JGAFetchedTables */,
				7BA1D66E179EF4DF00A0353F /* JGAFetchedTablesTests */,
			);
		};
/* End PBXProject section */

/* Begin PBXResourcesBuildPhase section */
		7BA1D648179EF4DF00A0353F /* Resources */ = {
			isa = PBXResourcesBuildPhase;
			buildActionMask = 2147483647;
			files = (
				7BA1D65A179EF4DF00A0353F /* InfoPlist.strings in Resources */,
				7BA1D662179EF4DF00A0353F /* Default.png in Resources */,
				7BA1D664179EF4DF00A0353F /* Default@2x.png in Resources */,
				7BA1D666179EF4DF00A0353F /* Default-568h@2x.png in Resources */,
			);
			runOnlyForDeploymentPostprocessing = 0;
		};
		7BA1D66C179EF4DF00A0353F /* Resources */ = {
			isa = PBXResourcesBuildPhase;
			buildActionMask = 2147483647;
			files = (
				7BA1D67C179EF4DF00A0353F /* InfoPlist.strings in Resources */,
			);
			runOnlyForDeploymentPostprocessing = 0;
		};
/* End PBXResourcesBuildPhase section */

/* Begin PBXShellScriptBuildPhase section */
		0CE481426790495DA8915F53 /* Check Pods Manifest.lock */ = {
			isa = PBXShellScriptBuildPhase;
			buildActionMask = 2147483647;
			files = (
			);
			inputPaths = (
			);
			name = "Check Pods Manifest.lock";
			outputPaths = (
			);
			runOnlyForDeploymentPostprocessing = 0;
			shellPath = /bin/sh;
			shellScript = "diff \"${PODS_ROOT}/../Podfile.lock\" \"${PODS_ROOT}/Manifest.lock\" > /dev/null\nif [[ $? != 0 ]] ; then\n    cat << EOM\nerror: The sandbox is not in sync with the Podfile.lock. Run 'pod install' or update your CocoaPods installation.\nEOM\n    exit 1\nfi\n";
			showEnvVarsInLog = 0;
		};
		4783EF6FD67546598B8EF135 /* Copy Pods Resources */ = {
			isa = PBXShellScriptBuildPhase;
			buildActionMask = 2147483647;
			files = (
			);
			inputPaths = (
			);
			name = "Copy Pods Resources";
			outputPaths = (
			);
			runOnlyForDeploymentPostprocessing = 0;
			shellPath = /bin/sh;
			shellScript = "\"${SRCROOT}/Pods/Pods-JGAFetchedTablesTests-resources.sh\"\n";
			showEnvVarsInLog = 0;
		};
		7BA1D66D179EF4DF00A0353F /* ShellScript */ = {
			isa = PBXShellScriptBuildPhase;
			buildActionMask = 2147483647;
			files = (
			);
			inputPaths = (
			);
			outputPaths = (
			);
			runOnlyForDeploymentPostprocessing = 0;
			shellPath = /bin/sh;
			shellScript = "# Run the unit tests in this test bundle.\n\"${SYSTEM_DEVELOPER_DIR}/Tools/RunUnitTests\"\n";
		};
		D8AF3FAF0567473DAF0731C9 /* Copy Pods Resources */ = {
			isa = PBXShellScriptBuildPhase;
			buildActionMask = 2147483647;
			files = (
			);
			inputPaths = (
			);
			name = "Copy Pods Resources";
			outputPaths = (
			);
			runOnlyForDeploymentPostprocessing = 0;
			shellPath = /bin/sh;
			shellScript = "\"${SRCROOT}/Pods/Pods-resources.sh\"\n";
			showEnvVarsInLog = 0;
		};
		FFE2EE3FD97F4BD9912050BA /* Check Pods Manifest.lock */ = {
			isa = PBXShellScriptBuildPhase;
			buildActionMask = 2147483647;
			files = (
			);
			inputPaths = (
			);
			name = "Check Pods Manifest.lock";
			outputPaths = (
			);
			runOnlyForDeploymentPostprocessing = 0;
			shellPath = /bin/sh;
			shellScript = "diff \"${PODS_ROOT}/../Podfile.lock\" \"${PODS_ROOT}/Manifest.lock\" > /dev/null\nif [[ $? != 0 ]] ; then\n    cat << EOM\nerror: The sandbox is not in sync with the Podfile.lock. Run 'pod install' or update your CocoaPods installation.\nEOM\n    exit 1\nfi\n";
			showEnvVarsInLog = 0;
		};
/* End PBXShellScriptBuildPhase section */

/* Begin PBXSourcesBuildPhase section */
		7BA1D646179EF4DF00A0353F /* Sources */ = {
			isa = PBXSourcesBuildPhase;
			buildActionMask = 2147483647;
			files = (
				7BA1D65C179EF4DF00A0353F /* main.m in Sources */,
				7BA1D660179EF4DF00A0353F /* JGAAppDelegate.m in Sources */,
				7BA1D669179EF4DF00A0353F /* JGAFetchedTables.xcdatamodeld in Sources */,
				7BA1D68B179EF87200A0353F /* JGABasicTableViewController.m in Sources */,
				7BA1D68F179EF88300A0353F /* JGADataFetcher.m in Sources */,
				7BA1D697179EF88F00A0353F /* JGAFetchedTableDataSource.m in Sources */,
				7BA1D698179EF88F00A0353F /* JGAEmptyTableDataSource.m in Sources */,
				7BA1D699179EF88F00A0353F /* JGALoadingTableDataSource.m in Sources */,
				7BA1D69C179EF99B00A0353F /* JGATableCell.m in Sources */,
			);
			runOnlyForDeploymentPostprocessing = 0;
		};
		7BA1D66A179EF4DF00A0353F /* Sources */ = {
			isa = PBXSourcesBuildPhase;
			buildActionMask = 2147483647;
			files = (
				7BA1D67F179EF4DF00A0353F /* JGAFetchedTablesTests.m in Sources */,
			);
			runOnlyForDeploymentPostprocessing = 0;
		};
/* End PBXSourcesBuildPhase section */

/* Begin PBXTargetDependency section */
		7BA1D676179EF4DF00A0353F /* PBXTargetDependency */ = {
			isa = PBXTargetDependency;
			target = 7BA1D649179EF4DF00A0353F /* JGAFetchedTables */;
			targetProxy = 7BA1D675179EF4DF00A0353F /* PBXContainerItemProxy */;
		};
/* End PBXTargetDependency section */

/* Begin PBXVariantGroup section */
		7BA1D658179EF4DF00A0353F /* InfoPlist.strings */ = {
			isa = PBXVariantGroup;
			children = (
				7BA1D659179EF4DF00A0353F /* en */,
			);
			name = InfoPlist.strings;
			sourceTree = "<group>";
		};
		7BA1D67A179EF4DF00A0353F /* InfoPlist.strings */ = {
			isa = PBXVariantGroup;
			children = (
				7BA1D67B179EF4DF00A0353F /* en */,
			);
			name = InfoPlist.strings;
			sourceTree = "<group>";
		};
/* End PBXVariantGroup section */

/* Begin XCBuildConfiguration section */
		7BA1D680179EF4DF00A0353F /* Debug */ = {
			isa = XCBuildConfiguration;
			buildSettings = {
				ALWAYS_SEARCH_USER_PATHS = NO;
				CLANG_CXX_LANGUAGE_STANDARD = "gnu++0x";
				CLANG_CXX_LIBRARY = "libc++";
				CLANG_ENABLE_OBJC_ARC = YES;
				CLANG_WARN_CONSTANT_CONVERSION = YES;
				CLANG_WARN_EMPTY_BODY = YES;
				CLANG_WARN_ENUM_CONVERSION = YES;
				CLANG_WARN_INT_CONVERSION = YES;
				CLANG_WARN__DUPLICATE_METHOD_MATCH = YES;
				"CODE_SIGN_IDENTITY[sdk=iphoneos*]" = "iPhone Developer";
				COPY_PHASE_STRIP = NO;
				GCC_C_LANGUAGE_STANDARD = gnu99;
				GCC_DYNAMIC_NO_PIC = NO;
				GCC_OPTIMIZATION_LEVEL = 0;
				GCC_PREPROCESSOR_DEFINITIONS = (
					"DEBUG=1",
					"$(inherited)",
				);
				GCC_SYMBOLS_PRIVATE_EXTERN = NO;
				GCC_WARN_ABOUT_RETURN_TYPE = YES;
				GCC_WARN_UNINITIALIZED_AUTOS = YES;
				GCC_WARN_UNUSED_VARIABLE = YES;
				IPHONEOS_DEPLOYMENT_TARGET = 6.1;
				ONLY_ACTIVE_ARCH = YES;
				SDKROOT = iphoneos;
				TARGETED_DEVICE_FAMILY = "1,2";
			};
			name = Debug;
		};
		7BA1D681179EF4DF00A0353F /* Release */ = {
			isa = XCBuildConfiguration;
			buildSettings = {
				ALWAYS_SEARCH_USER_PATHS = NO;
				CLANG_CXX_LANGUAGE_STANDARD = "gnu++0x";
				CLANG_CXX_LIBRARY = "libc++";
				CLANG_ENABLE_OBJC_ARC = YES;
				CLANG_WARN_CONSTANT_CONVERSION = YES;
				CLANG_WARN_EMPTY_BODY = YES;
				CLANG_WARN_ENUM_CONVERSION = YES;
				CLANG_WARN_INT_CONVERSION = YES;
				CLANG_WARN__DUPLICATE_METHOD_MATCH = YES;
				"CODE_SIGN_IDENTITY[sdk=iphoneos*]" = "iPhone Developer";
				COPY_PHASE_STRIP = YES;
				GCC_C_LANGUAGE_STANDARD = gnu99;
				GCC_WARN_ABOUT_RETURN_TYPE = YES;
				GCC_WARN_UNINITIALIZED_AUTOS = YES;
				GCC_WARN_UNUSED_VARIABLE = YES;
				IPHONEOS_DEPLOYMENT_TARGET = 6.1;
				OTHER_CFLAGS = "-DNS_BLOCK_ASSERTIONS=1";
				SDKROOT = iphoneos;
				TARGETED_DEVICE_FAMILY = "1,2";
				VALIDATE_PRODUCT = YES;
			};
			name = Release;
		};
		7BA1D683179EF4DF00A0353F /* Debug */ = {
			isa = XCBuildConfiguration;
			baseConfigurationReference = E0FB34EE5AE643D0A940FB82 /* Pods.xcconfig */;
			buildSettings = {
				GCC_PRECOMPILE_PREFIX_HEADER = YES;
				GCC_PREFIX_HEADER = "Example/JGAFetchedTables-Prefix.pch";
				INFOPLIST_FILE = "Example/JGAFetchedTables-Info.plist";
				PRODUCT_NAME = "$(TARGET_NAME)";
				WRAPPER_EXTENSION = app;
			};
			name = Debug;
		};
		7BA1D684179EF4DF00A0353F /* Release */ = {
			isa = XCBuildConfiguration;
			baseConfigurationReference = E0FB34EE5AE643D0A940FB82 /* Pods.xcconfig */;
			buildSettings = {
				GCC_PRECOMPILE_PREFIX_HEADER = YES;
				GCC_PREFIX_HEADER = "Example/JGAFetchedTables-Prefix.pch";
				INFOPLIST_FILE = "Example/JGAFetchedTables-Info.plist";
				PRODUCT_NAME = "$(TARGET_NAME)";
				WRAPPER_EXTENSION = app;
			};
			name = Release;
		};
		7BA1D686179EF4DF00A0353F /* Debug */ = {
			isa = XCBuildConfiguration;
			baseConfigurationReference = 81E744CEDB654FE999DCA8B7 /* Pods-JGAFetchedTablesTests.xcconfig */;
			buildSettings = {
				BUNDLE_LOADER = "$(BUILT_PRODUCTS_DIR)/JGAFetchedTables.app/JGAFetchedTables";
				FRAMEWORK_SEARCH_PATHS = (
					"\"$(SDKROOT)/Developer/Library/Frameworks\"",
					"\"$(DEVELOPER_LIBRARY_DIR)/Frameworks\"",
					"$(inherited)",
				);
				GCC_PRECOMPILE_PREFIX_HEADER = YES;
				GCC_PREFIX_HEADER = "Example/JGAFetchedTables-Prefix.pch";
				INFOPLIST_FILE = "Example/JGAFetchedTablesTests-Info.plist";
				PRODUCT_NAME = "$(TARGET_NAME)";
				TEST_HOST = "$(BUNDLE_LOADER)";
				WRAPPER_EXTENSION = octest;
			};
			name = Debug;
		};
		7BA1D687179EF4DF00A0353F /* Release */ = {
			isa = XCBuildConfiguration;
			baseConfigurationReference = 81E744CEDB654FE999DCA8B7 /* Pods-JGAFetchedTablesTests.xcconfig */;
			buildSettings = {
				BUNDLE_LOADER = "$(BUILT_PRODUCTS_DIR)/JGAFetchedTables.app/JGAFetchedTables";
				FRAMEWORK_SEARCH_PATHS = (
					"\"$(SDKROOT)/Developer/Library/Frameworks\"",
					"\"$(DEVELOPER_LIBRARY_DIR)/Frameworks\"",
					"$(inherited)",
				);
				GCC_PRECOMPILE_PREFIX_HEADER = YES;
				GCC_PREFIX_HEADER = "Example/JGAFetchedTables-Prefix.pch";
				INFOPLIST_FILE = "Example/JGAFetchedTablesTests-Info.plist";
				PRODUCT_NAME = "$(TARGET_NAME)";
				TEST_HOST = "$(BUNDLE_LOADER)";
				WRAPPER_EXTENSION = octest;
			};
			name = Release;
		};
/* End XCBuildConfiguration section */

/* Begin XCConfigurationList section */
		7BA1D645179EF4DF00A0353F /* Build configuration list for PBXProject "JGAFetchedTables" */ = {
			isa = XCConfigurationList;
			buildConfigurations = (
				7BA1D680179EF4DF00A0353F /* Debug */,
				7BA1D681179EF4DF00A0353F /* Release */,
			);
			defaultConfigurationIsVisible = 0;
			defaultConfigurationName = Release;
		};
		7BA1D682179EF4DF00A0353F /* Build configuration list for PBXNativeTarget "JGAFetchedTables" */ = {
			isa = XCConfigurationList;
			buildConfigurations = (
				7BA1D683179EF4DF00A0353F /* Debug */,
				7BA1D684179EF4DF00A0353F /* Release */,
			);
			defaultConfigurationIsVisible = 0;
			defaultConfigurationName = Release;
		};
		7BA1D685179EF4DF00A0353F /* Build configuration list for PBXNativeTarget "JGAFetchedTablesTests" */ = {
			isa = XCConfigurationList;
			buildConfigurations = (
				7BA1D686179EF4DF00A0353F /* Debug */,
				7BA1D687179EF4DF00A0353F /* Release */,
			);
			defaultConfigurationIsVisible = 0;
			defaultConfigurationName = Release;
		};
/* End XCConfigurationList section */

/* Begin XCVersionGroup section */
		7BA1D667179EF4DF00A0353F /* JGAFetchedTables.xcdatamodeld */ = {
			isa = XCVersionGroup;
			children = (
				7BA1D668179EF4DF00A0353F /* JGAFetchedTables.xcdatamodel */,
			);
			currentVersion = 7BA1D668179EF4DF00A0353F /* JGAFetchedTables.xcdatamodel */;
			path = JGAFetchedTables.xcdatamodeld;
			sourceTree = "<group>";
			versionGroupType = wrapper.xcdatamodel;
		};
/* End XCVersionGroup section */
	};
	rootObject = 7BA1D642179EF4DF00A0353F /* Project object */;
}
